
Microsoft Visual Studio Solution File, Format Version 12.00
# Visual Studio Version 16
VisualStudioVersion = 16.0.28803.452
MinimumVisualStudioVersion = 10.0.40219.1
Project("{FAE04EC0-301F-11D3-BF4B-00C04F79EFBC}") = "triangulo", "triangulo\triangulo.csproj", "{3E510A8C-9811-4071-90E3-9E52B5FB97CA}"
EndProject
Global
	GlobalSection(SolutionConfigurationPlatforms) = preSolution
		Debug|Any CPU = Debug|Any CPU
		Release|Any CPU = Release|Any CPU
	EndGlobalSection
	GlobalSection(ProjectConfigurationPlatforms) = postSolution
		{3E510A8C-9811-4071-90E3-9E52B5FB97CA}.Debug|Any CPU.ActiveCfg = Debug|Any CPU
		{3E510A8C-9811-4071-90E3-9E52B5FB97CA}.Debug|Any CPU.Build.0 = Debug|Any CPU
		{3E510A8C-9811-4071-90E3-9E52B5FB97CA}.Release|Any CPU.ActiveCfg = Release|Any CPU
		{3E510A8C-9811-4071-90E3-9E52B5FB97CA}.Release|Any CPU.Build.0 = Release|Any CPU
	EndGlobalSection
	GlobalSection(SolutionProperties) = preSolution
		HideSolutionNode = FALSE
	EndGlobalSection
	GlobalSection(ExtensibilityGlobals) = postSolution
		SolutionGuid = {D10A0D9F-0F84-499D-9A48-D454282B43C3}
	EndGlobalSection
EndGlobal
