
Microsoft Visual Studio Solution File, Format Version 12.00
# Visual Studio Version 16
VisualStudioVersion = 16.0.28803.452
MinimumVisualStudioVersion = 10.0.40219.1
Project("{FAE04EC0-301F-11D3-BF4B-00C04F79EFBC}") = "construtores1", "construtores1\construtores1.csproj", "{7B3E934E-189D-4E28-B714-7278570F15B7}"
EndProject
Global
	GlobalSection(SolutionConfigurationPlatforms) = preSolution
		Debug|Any CPU = Debug|Any CPU
		Release|Any CPU = Release|Any CPU
	EndGlobalSection
	GlobalSection(ProjectConfigurationPlatforms) = postSolution
		{7B3E934E-189D-4E28-B714-7278570F15B7}.Debug|Any CPU.ActiveCfg = Debug|Any CPU
		{7B3E934E-189D-4E28-B714-7278570F15B7}.Debug|Any CPU.Build.0 = Debug|Any CPU
		{7B3E934E-189D-4E28-B714-7278570F15B7}.Release|Any CPU.ActiveCfg = Release|Any CPU
		{7B3E934E-189D-4E28-B714-7278570F15B7}.Release|Any CPU.Build.0 = Release|Any CPU
	EndGlobalSection
	GlobalSection(SolutionProperties) = preSolution
		HideSolutionNode = FALSE
	EndGlobalSection
	GlobalSection(ExtensibilityGlobals) = postSolution
		SolutionGuid = {E97BA722-C66C-43FD-8FF8-91FC59740086}
	EndGlobalSection
EndGlobal
