
Microsoft Visual Studio Solution File, Format Version 12.00
# Visual Studio Version 16
VisualStudioVersion = 16.0.28917.181
MinimumVisualStudioVersion = 10.0.40219.1
Project("{FAE04EC0-301F-11D3-BF4B-00C04F79EFBC}") = "problema-exemplo", "problema-exemplo\problema-exemplo.csproj", "{CC06E840-43A5-4268-8402-15AE9FB5098E}"
EndProject
Global
	GlobalSection(SolutionConfigurationPlatforms) = preSolution
		Debug|Any CPU = Debug|Any CPU
		Release|Any CPU = Release|Any CPU
	EndGlobalSection
	GlobalSection(ProjectConfigurationPlatforms) = postSolution
		{CC06E840-43A5-4268-8402-15AE9FB5098E}.Debug|Any CPU.ActiveCfg = Debug|Any CPU
		{CC06E840-43A5-4268-8402-15AE9FB5098E}.Debug|Any CPU.Build.0 = Debug|Any CPU
		{CC06E840-43A5-4268-8402-15AE9FB5098E}.Release|Any CPU.ActiveCfg = Release|Any CPU
		{CC06E840-43A5-4268-8402-15AE9FB5098E}.Release|Any CPU.Build.0 = Release|Any CPU
	EndGlobalSection
	GlobalSection(SolutionProperties) = preSolution
		HideSolutionNode = FALSE
	EndGlobalSection
	GlobalSection(ExtensibilityGlobals) = postSolution
		SolutionGuid = {7574ED2E-AE65-4398-8447-C1AD1C963F67}
	EndGlobalSection
EndGlobal
