
Microsoft Visual Studio Solution File, Format Version 12.00
# Visual Studio Version 16
VisualStudioVersion = 16.0.28917.181
MinimumVisualStudioVersion = 10.0.40219.1
Project("{FAE04EC0-301F-11D3-BF4B-00C04F79EFBC}") = "exercicio-banco", "exercicio-banco\exercicio-banco.csproj", "{E63596E4-159A-41C7-945A-86361E7819B7}"
EndProject
Global
	GlobalSection(SolutionConfigurationPlatforms) = preSolution
		Debug|Any CPU = Debug|Any CPU
		Release|Any CPU = Release|Any CPU
	EndGlobalSection
	GlobalSection(ProjectConfigurationPlatforms) = postSolution
		{E63596E4-159A-41C7-945A-86361E7819B7}.Debug|Any CPU.ActiveCfg = Debug|Any CPU
		{E63596E4-159A-41C7-945A-86361E7819B7}.Debug|Any CPU.Build.0 = Debug|Any CPU
		{E63596E4-159A-41C7-945A-86361E7819B7}.Release|Any CPU.ActiveCfg = Release|Any CPU
		{E63596E4-159A-41C7-945A-86361E7819B7}.Release|Any CPU.Build.0 = Release|Any CPU
	EndGlobalSection
	GlobalSection(SolutionProperties) = preSolution
		HideSolutionNode = FALSE
	EndGlobalSection
	GlobalSection(ExtensibilityGlobals) = postSolution
		SolutionGuid = {BC91E62A-475F-4404-8A29-5053726D9535}
	EndGlobalSection
EndGlobal
