
Microsoft Visual Studio Solution File, Format Version 12.00
# Visual Studio Version 16
VisualStudioVersion = 16.0.28803.352
MinimumVisualStudioVersion = 10.0.40219.1
Project("{FAE04EC0-301F-11D3-BF4B-00C04F79EFBC}") = "exercicio-resolvido2", "exercicio-resolvido2\exercicio-resolvido2.csproj", "{C5FA1D83-51F6-4D21-A2E4-98AF53AB7A24}"
EndProject
Global
	GlobalSection(SolutionConfigurationPlatforms) = preSolution
		Debug|Any CPU = Debug|Any CPU
		Release|Any CPU = Release|Any CPU
	EndGlobalSection
	GlobalSection(ProjectConfigurationPlatforms) = postSolution
		{C5FA1D83-51F6-4D21-A2E4-98AF53AB7A24}.Debug|Any CPU.ActiveCfg = Debug|Any CPU
		{C5FA1D83-51F6-4D21-A2E4-98AF53AB7A24}.Debug|Any CPU.Build.0 = Debug|Any CPU
		{C5FA1D83-51F6-4D21-A2E4-98AF53AB7A24}.Release|Any CPU.ActiveCfg = Release|Any CPU
		{C5FA1D83-51F6-4D21-A2E4-98AF53AB7A24}.Release|Any CPU.Build.0 = Release|Any CPU
	EndGlobalSection
	GlobalSection(SolutionProperties) = preSolution
		HideSolutionNode = FALSE
	EndGlobalSection
	GlobalSection(ExtensibilityGlobals) = postSolution
		SolutionGuid = {13115EDF-C9A7-4A56-8BA6-595AD52E09AC}
	EndGlobalSection
EndGlobal
