
Microsoft Visual Studio Solution File, Format Version 12.00
# Visual Studio Version 16
VisualStudioVersion = 16.0.28803.452
MinimumVisualStudioVersion = 10.0.40219.1
Project("{FAE04EC0-301F-11D3-BF4B-00C04F79EFBC}") = "exercicios-proposto2", "exercicios-proposto2\exercicios-proposto2.csproj", "{AF9F4FE7-0948-47C1-9C30-1EEB67285EF3}"
EndProject
Global
	GlobalSection(SolutionConfigurationPlatforms) = preSolution
		Debug|Any CPU = Debug|Any CPU
		Release|Any CPU = Release|Any CPU
	EndGlobalSection
	GlobalSection(ProjectConfigurationPlatforms) = postSolution
		{AF9F4FE7-0948-47C1-9C30-1EEB67285EF3}.Debug|Any CPU.ActiveCfg = Debug|Any CPU
		{AF9F4FE7-0948-47C1-9C30-1EEB67285EF3}.Debug|Any CPU.Build.0 = Debug|Any CPU
		{AF9F4FE7-0948-47C1-9C30-1EEB67285EF3}.Release|Any CPU.ActiveCfg = Release|Any CPU
		{AF9F4FE7-0948-47C1-9C30-1EEB67285EF3}.Release|Any CPU.Build.0 = Release|Any CPU
	EndGlobalSection
	GlobalSection(SolutionProperties) = preSolution
		HideSolutionNode = FALSE
	EndGlobalSection
	GlobalSection(ExtensibilityGlobals) = postSolution
		SolutionGuid = {D4918C8C-CA31-4B2F-9283-D8BC7367805B}
	EndGlobalSection
EndGlobal
