
Microsoft Visual Studio Solution File, Format Version 12.00
# Visual Studio Version 16
VisualStudioVersion = 16.0.28803.352
MinimumVisualStudioVersion = 10.0.40219.1
Project("{FAE04EC0-301F-11D3-BF4B-00C04F79EFBC}") = "exercicio-resolvido1", "ConsoleApp2\exercicio-resolvido1.csproj", "{5819AE6A-1CEE-4E22-94F0-85890EE27547}"
EndProject
Global
	GlobalSection(SolutionConfigurationPlatforms) = preSolution
		Debug|Any CPU = Debug|Any CPU
		Release|Any CPU = Release|Any CPU
	EndGlobalSection
	GlobalSection(ProjectConfigurationPlatforms) = postSolution
		{5819AE6A-1CEE-4E22-94F0-85890EE27547}.Debug|Any CPU.ActiveCfg = Debug|Any CPU
		{5819AE6A-1CEE-4E22-94F0-85890EE27547}.Debug|Any CPU.Build.0 = Debug|Any CPU
		{5819AE6A-1CEE-4E22-94F0-85890EE27547}.Release|Any CPU.ActiveCfg = Release|Any CPU
		{5819AE6A-1CEE-4E22-94F0-85890EE27547}.Release|Any CPU.Build.0 = Release|Any CPU
	EndGlobalSection
	GlobalSection(SolutionProperties) = preSolution
		HideSolutionNode = FALSE
	EndGlobalSection
	GlobalSection(ExtensibilityGlobals) = postSolution
		SolutionGuid = {10D592A3-0CF3-422E-8F9C-7EB7CD50BE25}
	EndGlobalSection
EndGlobal
