
Microsoft Visual Studio Solution File, Format Version 12.00
# Visual Studio Version 16
VisualStudioVersion = 16.0.28803.452
MinimumVisualStudioVersion = 10.0.40219.1
Project("{FAE04EC0-301F-11D3-BF4B-00C04F79EFBC}") = "teste-er", "teste-er\teste-er.csproj", "{08E2FD95-1B27-4A2A-9FBF-207BCD02E28A}"
EndProject
Global
	GlobalSection(SolutionConfigurationPlatforms) = preSolution
		Debug|Any CPU = Debug|Any CPU
		Release|Any CPU = Release|Any CPU
	EndGlobalSection
	GlobalSection(ProjectConfigurationPlatforms) = postSolution
		{08E2FD95-1B27-4A2A-9FBF-207BCD02E28A}.Debug|Any CPU.ActiveCfg = Debug|Any CPU
		{08E2FD95-1B27-4A2A-9FBF-207BCD02E28A}.Debug|Any CPU.Build.0 = Debug|Any CPU
		{08E2FD95-1B27-4A2A-9FBF-207BCD02E28A}.Release|Any CPU.ActiveCfg = Release|Any CPU
		{08E2FD95-1B27-4A2A-9FBF-207BCD02E28A}.Release|Any CPU.Build.0 = Release|Any CPU
	EndGlobalSection
	GlobalSection(SolutionProperties) = preSolution
		HideSolutionNode = FALSE
	EndGlobalSection
	GlobalSection(ExtensibilityGlobals) = postSolution
		SolutionGuid = {CE52997C-7280-4EED-8763-4E7737E32BAE}
	EndGlobalSection
EndGlobal
